
Microsoft Visual Studio Solution File, Format Version 12.00
# Visual Studio Version 16
VisualStudioVersion = 16.0.30104.148
MinimumVisualStudioVersion = 10.0.40219.1
Project("{FAE04EC0-301F-11D3-BF4B-00C04F79EFBC}") = "Examen2", "Examen2\Examen2.csproj", "{D3A0EE7A-6826-43F6-B916-9F2B22A2759D}"
EndProject
Global
	GlobalSection(SolutionConfigurationPlatforms) = preSolution
		Debug|Any CPU = Debug|Any CPU
		Release|Any CPU = Release|Any CPU
	EndGlobalSection
	GlobalSection(ProjectConfigurationPlatforms) = postSolution
		{D3A0EE7A-6826-43F6-B916-9F2B22A2759D}.Debug|Any CPU.ActiveCfg = Debug|Any CPU
		{D3A0EE7A-6826-43F6-B916-9F2B22A2759D}.Debug|Any CPU.Build.0 = Debug|Any CPU
		{D3A0EE7A-6826-43F6-B916-9F2B22A2759D}.Release|Any CPU.ActiveCfg = Release|Any CPU
		{D3A0EE7A-6826-43F6-B916-9F2B22A2759D}.Release|Any CPU.Build.0 = Release|Any CPU
	EndGlobalSection
	GlobalSection(SolutionProperties) = preSolution
		HideSolutionNode = FALSE
	EndGlobalSection
	GlobalSection(ExtensibilityGlobals) = postSolution
		SolutionGuid = {1C32B455-A946-4EB7-AAC2-B7A2DEF68B97}
	EndGlobalSection
EndGlobal
